lockfileVersion: '9.0'

settings:
  autoInstallPeers: true
  excludeLinksFromLockfile: false

importers:

  .:
    devDependencies:
      '@bluelovers/tsconfig':
        specifier: ^2.0.3
        version: 2.0.3
      '@types/jest':
        specifier: ^30.0.0
        version: 30.0.0
      '@types/node':
        specifier: '*'
        version: 26.6.2
      '@yarn-tool/require-resolve':
        specifier: '*'
        version: 4.0.9(ts-toolbelt@9.6.0)
      '@yarn-tool/ws-find-up-paths':
        specifier: '*'
        version: 1.0.22(ts-toolbelt@9.6.0)

  packages/fake-timer:
    dependencies:
      dayjs:
        specifier: ^1.11.23
        version: 1.11.23
      nanoid:
        specifier: ^6.0.1
        version: 6.0.1
    devDependencies:
      shuffle-array:
        specifier: ^1.0.1
        version: 1.0.1
      timed-queue:
        specifier: ^1.4.0
        version: 1.4.0

  packages/perfnow:
    dependencies:
      '@types/node':
        specifier: '*'
        version: 26.6.2
      globalthis:
        specifier: ^1.0.4
        version: 1.0.4
    devDependencies:
      '@types/globalthis':
        specifier: ^1.0.4
        version: 1.0.4

  packages/tic:
    dependencies:
      least-recently-record:
        specifier: ^1.0.2
        version: 1.0.2
      performance-now2:
        specifier: ^1.0.3
        version: link:../perfnow
      ts-type:
        specifier: ^3.0.13
        version: 3.0.13(ts-toolbelt@9.6.0)

packages:

  '@babel/code-frame@7.29.7':
    resolution: {integrity: sha512-Aup7aUOfpbAUg2ROOJN6Iw5f9DMBlzu0mIkm/malLQFN/YQgO48wCj0Kxa3sEHJvPVFg7siR+qRInwXd2qhQKw==}
    engines: {node: '>=6.9.0'}

  '@babel/helper-validator-identifier@7.29.7':
    resolution: {integrity: sha512-qehxGkRj55h/ff8EMaJ+cYhyaKlHIxqYDn682wQD7RNp9UujOQsHog2uS0r2vzr4pW+sXf90NeeayjcNaX3fFg==}
    engines: {node: '>=6.9.0'}

  '@bluelovers/tsconfig@2.0.3':
    resolution: {integrity: sha512-bbGqvlH3SPDxm8omUjYq1zjhq3hyqPlx8lWeXPzXYzRAT03Wbi0ozzC8KSDUmE5Io9tuD4JSLv1d6Qloy72zMQ==}

  '@jest/diff-sequences@30.5.0':
    resolution: {integrity: sha512-OsqBjHXCn8cadasoAZBP6nWYvMsRhpMzGXTpxJ5aO04NlbdhIz+FVe3q49l0AwVhsz/cEmIpBes6gAFl1/dWQg==}
    engines: {node: ^18.14.0 || ^20.0.0 || ^22.0.0 || >=24.0.0}

  '@jest/expect-utils@30.5.2':
    resolution: {integrity: sha512-d/HOLSrJUlBIl6n3LzOa7cjW3xdePm5H5gQw2lixZ/0h157l9sw3mLblzFqnPcTbhDzhRQdBOX3A3KcG73nm5Q==}
    engines: {node: ^18.14.0 || ^20.0.0 || ^22.0.0 || >=24.0.0}

  '@jest/get-type@30.5.0':
    resolution: {integrity: sha512-9/2VUPitAjmBzbvDvqrxmvB7BzWsBW0WmkkojX1ODuxX1NLGxx9gfaZpHB0z8DtJ9uhGNmZG/VXBhf8uO0OV8Q==}
    engines: {node: ^18.14.0 || ^20.0.0 || ^22.0.0 || >=24.0.0}

  '@jest/pattern@30.5.0':
    resolution: {integrity: sha512-HdNQYSdRTEBNrginaqzQtTjG0HRMfrra/z6Ok7uL3S87vSlarIVohEsJsSj5edu3MiHoHjAkvPROz5ZjoKai+w==}
    engines: {node: ^18.14.0 || ^20.0.0 || ^22.0.0 || >=24.0.0}

  '@jest/schemas@30.5.0':
    resolution: {integrity: sha512-/hunigyNpc4RCjC0VaW3f5RCUZVM2+WQ65qP7z083Gmvac7or2LI50XVNOtE4YPgBpV0yxYiAgorAPGniCoJmg==}
    engines: {node: ^18.14.0 || ^20.0.0 || ^22.0.0 || >=24.0.0}

  '@jest/types@30.5.1':
    resolution: {integrity: sha512-LvVYn83nnXPl+Rg98nvcFgjx6nRMTArhSn6RAX/w3ELn54S8A42TYZvsCMdGUqTM8S0wyXbtlQdU6Hi6dykj9g==}
    engines: {node: ^18.14.0 || ^20.0.0 || ^22.0.0 || >=24.0.0}

  '@lazy-array/util-unique@1.0.7':
    resolution: {integrity: sha512-Qd3yR/Zpd+r7XvyTTjS11U2cNr5xLKttBlC2O2bMpugbxPK9vNE/Wo1zIQc59cIK9ksygCJB2PJZ2TrOjvS9Mw==}

  '@lazy-node/types-path@1.0.3':
    resolution: {integrity: sha512-5Bnl5s5jh7o14i0oa7gj+Y0fDLIlri3+KVZmv4gk0OFGuOrOEmWBBCI9ky3Syip5g/yPHZdfa+WO5BVJMUpMdw==}

  '@sinclair/typebox@0.34.52':
    resolution: {integrity: sha512-XiMQh7qqVlxZzcVD+kkGMNGMzcTrDMLWI7S4x7z1MkCkbDPrekpZXEUK0eZqZFMuHQg2a2DZOcDIh9o5v3Gonw==}

  '@ts-type/package-dts@3.0.9':
    resolution: {integrity: sha512-/BY9YKljlmrRU+4dGbHR3bIdTyKPyvdAdBH3Lcl6WyigSaAPEqMcYgSGR82+A3NqPECw1GqKxm6pIp5cS4iOhQ==}

  '@types/globalthis@1.0.4':
    resolution: {integrity: sha512-I04Iz90ozTmDXV1wgt/sxsHR2AweeupUL9hPLaJ+RnvPRPiB8ZVXlNea1gR6IxjpKTRUfaBhqXsu66sQ3V065A==}

  '@types/istanbul-lib-coverage@2.0.6':
    resolution: {integrity: sha512-2QF/t/auWm0lsy8XtKVPG19v3sSOQlJe/YHZgfjb/KBBHOGSV+J2q/S671rcq9uTBrLAXmZpqJiaQbMT+zNU1w==}

  '@types/istanbul-lib-report@3.0.3':
    resolution: {integrity: sha512-NQn7AHQnk/RSLOxrBbGyJM/aVQ+pjj5HCgasFxc0K/KhoATfQ/47AyUl15I2yBUpihjmas+a+VJBOqecrFH+uA==}

  '@types/istanbul-reports@3.0.4':
    resolution: {integrity: sha512-pk2B1NWalF9toCRu6gjBzR69syFjP4Od8WRAX+0mmf9lAjCRicLOWc+ZrxZHx/0XRjotgkF9t6iaMJ+aXcOdZQ==}

  '@types/jest@30.0.0':
    resolution: {integrity: sha512-XTYugzhuwqWjws0CVz8QpM36+T+Dz5mTEBKhNs/esGLnCIlGdRy+Dq78NRjd7ls7r8BC8ZRMOrKlkO1hU0JOwA==}

  '@types/node@26.6.2':
    resolution: {integrity: sha512-X1P21scMv4zGKLYqjdGjaKa7COa0RKVYYZZN/NfvLQ1JegxFhdhpZG/Lyn8AXx6CDUavKAd11v6BvfpkDByK8g==}

  '@types/semver@7.8.0':
    resolution: {integrity: sha512-1mAINjtQCXXeLkJ9ehXkwOcBpqtLxiVtKhpUf83DdRNdQKV0iXZpaHYqRr7nj+wvxuJzoAmAwXI+sCNMv1CzLQ==}

  '@types/stack-utils@2.0.3':
    resolution: {integrity: sha512-9aEbYZ3TbYMznPdcdr3SmIrLXwC/AKZXQeCf9Pgao5CKb8CyHuEX5jzWPTkvregvhRJHcpRO6BFoGW9ycaOkYw==}

  '@types/yargs-parser@21.0.3':
    resolution: {integrity: sha512-I4q9QU9MQv4oEOz4tAHJtNz1cwuLxn2F3xcc2iV5WdqLPpUnj30aUuxt1mAxYTG+oe8CZMV/+6rU4S4gRDzqtQ==}

  '@types/yargs@17.0.35':
    resolution: {integrity: sha512-qUHkeCyQFxMXg79wQfTtfndEC+N9ZZg76HJftDJp+qH2tV7Gj4OJi7l+PiWwJ+pWtW8GwSmqsDj/oymhrTWXjg==}

  '@yarn-tool/find-root@2.0.25':
    resolution: {integrity: sha512-2VlOfW51nLA1rurgpCYd15lewd2hqS90iOxhUXbPAqeTKJ2HHjyaEBodAaDIvsdZGZ0qYsA83tXUU+cYz6LvKQ==}

  '@yarn-tool/fnm-detect@1.0.8':
    resolution: {integrity: sha512-UemCxZ/VtAglzjTVDnuhvK973+xtrpsImBJ4HeNUkGAjo22r6ImSxnYw2YfYutKRsGPoD3gaBabNCdQjvco0dw==}

  '@yarn-tool/get-global-dirs@1.0.6':
    resolution: {integrity: sha512-DRDzzn5MLD2+zXKrDO0iXpS1pmxmkF93HOJ5ynjPSlC5w3Ch8IFELXkfIcH1YM02PPU1RcMeOrZJFwDl1rMmgw==}

  '@yarn-tool/get-paths-by-type@2.0.19':
    resolution: {integrity: sha512-gkcuUHWE2VnkPsRqiJiJVbYWROmJdSbUiQzpgzm/7Sbyrg/Q5TPwMFlXs+TVbwvgVvTYzxyPTguyZyefq/8+MA==}

  '@yarn-tool/require-resolve@4.0.9':
    resolution: {integrity: sha512-LT1+szJPHOLLdiTmb76f3+j/JDqdFW5jNUHsgZ6lMtbAnVsz05D4IBRmbxehANOe6AbPm5rZWEaJQNR13J279g==}

  '@yarn-tool/ws-find-up-paths@1.0.22':
    resolution: {integrity: sha512-zGoEX/kSr7qHAGoNdcaVsaMUiNtHaywZFABkMXLoObu0LxSzE+d/zFlaZ7n5MsaOI90LyX/m1RsX+scAqXD7Lg==}

  ansi-styles@4.3.0:
    resolution: {integrity: sha512-zbB9rCJAT1rbjiVDb2hqKFHNYLxgtk8NURxZ3IZwD3F6NtxbXZQCnnSi1Lkx+IDohdPlFp222wVALIheZJQSEg==}
    engines: {node: '>=8'}

  ansi-styles@5.2.0:
    resolution: {integrity: sha512-Cxwpt2SfTzTtXcfOlzGEee8O+c+MmUgGrNiBcXnuWxuFJHe6a5Hz7qwhwe5OgaSYI0IJvkLqWX1ASG+cJOkEiA==}
    engines: {node: '>=10'}

  braces@3.0.3:
    resolution: {integrity: sha512-yQbXgO/OSZVD2IsiLlro+7Hf6Q18EJrKSEsdoMzKePKXct3gvD8oLcOQdIzGupr5Fj+EDe8gO/lxc1BzfMpxvA==}
    engines: {node: '>=8'}

  chalk@4.1.2:
    resolution: {integrity: sha512-oKnbhFyRIXpUuez8iBMmyEa4nbj4IOQyuhc/wy9kY7/WVPcwIO9VA668Pu8RkO7+0G76SLROeyw9CpQ061i4mA==}
    engines: {node: '>=10'}

  ci-info@4.4.0:
    resolution: {integrity: sha512-77PSwercCZU2Fc4sX94eF8k8Pxte6JAwL4/ICZLFjJLqegs7kCuAsqqj/70NQF6TvDpgFjkubQB2FW2ZZddvQg==}
    engines: {node: '>=8'}

  color-convert@2.0.1:
    resolution: {integrity: sha512-RRECPsj7iu/xb5oKYcsFHSppFNnsj/52OVTRKb4zP5onXwVF3zVmmToNcOfGC+CRDpfK/U584fMg38ZHCaElKQ==}
    engines: {node: '>=7.0.0'}

  color-name@1.1.4:
    resolution: {integrity: sha512-dOy+3AuW3a2wNbZHIuMZpTcgjGuLU/uBL/ubcZF9OXbDo8ff4O8yVp5Bf0efS8uEoYo5q4Fx7dY9OgQGXgAsQA==}

  dayjs@1.11.23:
    resolution: {integrity: sha512-QDTCU0M0MxR3hQfnlDJfwekQiaanm1ubOD231u73WBckQ/fsamwRLiE2GBz6D3a/xF1NgfiDLJjXBa1hYOYTtQ==}

  define-data-property@1.1.4:
    resolution: {integrity: sha512-rBMvIzlpA8v6E+SJZoo++HAYqsLrkg7MSfIinMPFhmkorw7X+dOXVJQs+QT69zGkzMyfDnIMN2Wid1+NbL3T+A==}
    engines: {node: '>= 0.4'}

  define-properties@1.2.1:
    resolution: {integrity: sha512-8QmQKqEASLd5nx0U1B1okLElbUuuttJ/AnYmRXbbbGDWh6uS208EjD4Xqq/I9wK7u0v6O08XhTWnt5XtEbR6Dg==}
    engines: {node: '>= 0.4'}

  err-code@3.0.1:
    resolution: {integrity: sha512-GiaH0KJUewYok+eeY05IIgjtAe4Yltygk9Wqp1V5yVWLdhf0hYZchRjNIT9bb0mSwRcIusT3cx7PJUf3zEIfUA==}

  es-define-property@1.0.1:
    resolution: {integrity: sha512-e3nRfgfUZ4rNGL232gUgX06QNyyez04KdjFrF+LTRoOXmrOgFKDg4BCdsjW8EnT69eqdYGmRpJwiPVYNrCaW3g==}
    engines: {node: '>= 0.4'}

  es-errors@1.3.0:
    resolution: {integrity: sha512-Zf5H2Kxt2xjTvbJvP2ZWLEICxA6j+hAmMzIlypy4xcBg1vKVnx89Wy0GbS+kf5cwCVFFzdCFh2XSCFNULS6csw==}
    engines: {node: '>= 0.4'}

  escape-string-regexp@2.0.0:
    resolution: {integrity: sha512-UpzcLCXolUWcNu5HtVMHYdXJjArjsF9C0aNnquZYY4uW/Vu0miy5YoWvbV345HauVvcAUnpRuhMMcqTcGOY2+w==}
    engines: {node: '>=8'}

  expect@30.5.2:
    resolution: {integrity: sha512-0LNuMvs8/5mRYhnCR4k+lGV7fqPMs6Bnksda4S3zsCUmdxBpAn4zU4NNzXdq1pMKe/H4W5t/zVIDSJ/H3e0vDA==}
    engines: {node: ^18.14.0 || ^20.0.0 || ^22.0.0 || >=24.0.0}

  fill-range@7.1.1:
    resolution: {integrity: sha512-YsGpe3WHLK8ZYi4tWDg2Jy3ebRz2rXowDxnld4bkQB00cc/1Zw9AWnC0i9ztDJitivtQvaI9KaLyKrc+hBW0yg==}
    engines: {node: '>=8'}

  find-up-paths@1.0.20:
    resolution: {integrity: sha512-zTuta8Xfr4b5tFwUjhlNV0D4eft4xryf+kjuXkbvRrnO7BWqiZdz0jXIX64ANhq5d1rhNJs6i0qzVkM5DoLZtw==}

  find-up@5.0.0:
    resolution: {integrity: sha512-78/PXT1wlLLDgTzDs7sjq9hzz0vXD+zn+7wypEe4fXQxCmdmqfGsEPQxmiCSQI3ajFV91bVSsvNtrJRiW6nGng==}
    engines: {node: '>=10'}

  find-yarn-workspace-root2@1.2.55:
    resolution: {integrity: sha512-Kmn6r0Cc3B8KIY3xnoOIRCc80QVy4PRFdqz+9+6zGRNI+QF3rqJC7kMzcKG5fDYe23tdTSmKeXNGlHDpaTZkug==}

  fs-extra@11.4.0:
    resolution: {integrity: sha512-EQsFzMUJkCKGr1ePqlYADkIUmHW1s3ZXr5Yqy6wbGrfUCphpl2maM/kyOIRA2HpP3AaFQTZXD4ldjek+nccddA==}
    engines: {node: '>=14.14'}

  fs-stat@1.0.29:
    resolution: {integrity: sha512-o5UR4iPSeP3yHv5W+me1yFZdNe0Z9xfI4lJOwL8eB3/EnHD5HqHUqRbtaAW/yggQHXX4RC7D8i/pW7UWEU3JMw==}

  globalthis@1.0.4:
    resolution: {integrity: sha512-DpLKbNU4WylpxJykQujfCcwYWiV/Jhm50Goo0wrVILAv5jOr9d+H+UR3PhSCD2rCCEIg0uc+G+muBTwD54JhDQ==}
    engines: {node: '>= 0.4'}

  gopd@1.2.0:
    resolution: {integrity: sha512-ZUKRh6/kUFoAiTAtTYPZJ3hw9wNxx+BIBOijnlG9PnrJsCcSjs1wyyD6vJpaYtgnzDrKYRSqf3OO6Rfa93xsRg==}
    engines: {node: '>= 0.4'}

  graceful-fs@4.2.11:
    resolution: {integrity: sha512-RbJ5/jmFcNNCcDV5o9eTnBLJ/HszWV0P73bc+Ff4nS/rJj+YaS6IGyiOL0VoBYX+l1Wrl3k63h/KrH+nhJ0XvQ==}

  has-flag@4.0.0:
    resolution: {integrity: sha512-EykJT/Q1KjTWctppgIAgfSO0tKVuZUjhgMr17kqTumMl6Afv3EISleU7qZUzoXDFTAHTDC4NOoG/ZxU3EvlMPQ==}
    engines: {node: '>=8'}

  has-property-descriptors@1.0.2:
    resolution: {integrity: sha512-55JNKuIW+vq4Ke1BjOTjM2YctQIvCT7GFzHwmfZPGo5wnrgkid0YQtnAleFSqumZm4az3n2BS+erby5ipJdgrg==}

  ini@7.0.0:
    resolution: {integrity: sha512-ifK0CgjALofS5bkrcTy4RaQ9Vx2Knf/eLeIO+NaswQEpH1UblrtTSCIvN71qQDMq0PeQ/SSPojvEJp9vvvfr+w==}
    engines: {node: ^22.22.2 || ^24.15.0 || >=26.0.0}

  is-number@7.0.0:
    resolution: {integrity: sha512-41Cifkg6e8TylSpdtTpeLVMqvSBEVzTttHvERD741+pnZ8ANv0004MRL43QKPDlK9cGvNp6NZWZUBlbGXYxxng==}
    engines: {node: '>=0.12.0'}

  jest-diff@30.5.2:
    resolution: {integrity: sha512-rBtHnI6BWTiWj3lM7fOLVfChx7R9B0u9VV3PRHawKs79x6ZjW1QoSrKenaigNGWlvhtoi2BqvDbABDie+Os3xQ==}
    engines: {node: ^18.14.0 || ^20.0.0 || ^22.0.0 || >=24.0.0}

  jest-matcher-utils@30.5.2:
    resolution: {integrity: sha512-lFkB365PTIHOhPzwrb9T6gvlDnPpOZ7/c3ewOKKB7bzztqjVrtlyRL2MkyfJXpyY2u2SKw001JKrTx14fBUFcQ==}
    engines: {node: ^18.14.0 || ^20.0.0 || ^22.0.0 || >=24.0.0}

  jest-message-util@30.5.1:
    resolution: {integrity: sha512-UdQlLdd9wL/Ys7xRErckqwD6wPlSZYueosSWuHc1r2ztGLwlgPvtSJq2+BPEgaEY13WLvfFbmhTj8pba0Sd1jg==}
    engines: {node: ^18.14.0 || ^20.0.0 || ^22.0.0 || >=24.0.0}

  jest-mock@30.5.2:
    resolution: {integrity: sha512-KTHb37Fhj8xY8qPFvTFaFJHcdsumQp+ExsUlgoX232Agmc706gagBs53+CYvulV7MVQo9AgXOUxsqzzVBoJlrA==}
    engines: {node: ^18.14.0 || ^20.0.0 || ^22.0.0 || >=24.0.0}

  jest-regex-util@30.5.0:
    resolution: {integrity: sha512-Mg0WK7A6xRHLSA1udJ8y9f3lM0uUhFTBnLKzwPmqB9AylvpleJ6BLemR8K9dK27DY+cesDryoA7yLZCAHsPG1A==}
    engines: {node: ^18.14.0 || ^20.0.0 || ^22.0.0 || >=24.0.0}

  jest-util@30.5.1:
    resolution: {integrity: sha512-yKuxmNy2rSbTXw+3SIPanJo+nV4/BS1p26v44IYBFMsswSQySfMMcPHErnOncda7i9HEz0q605rIhSTBVgrZTg==}
    engines: {node: ^18.14.0 || ^20.0.0 || ^22.0.0 || >=24.0.0}

  js-tokens@4.0.0:
    resolution: {integrity: sha512-RdJUflcE3cUzKiMqQgsCu06FPu9UdIJO0beYbPhHN4k6apgJtifcoCtT9bcxOpYBtpD2kCM6Sbzg4CausW/PKQ==}

  jsonfile@6.2.1:
    resolution: {integrity: sha512-zwOTdL3rFQ/lRdBnntKVOX6k5cKJwEc1HdilT71BWEu7J41gXIB2MRp+vxduPSwZJPWBxEzv4yH1wYLJGUHX4Q==}

  least-recently-record@1.0.2:
    resolution: {integrity: sha512-1MnL1cf4oB+/mYpiHKRRukmF63ozIaY6T24MLDfUAM5T7GwGc04x7N37AKkH6oYMRQK8QE+6e8Z7b2i1Y9OiXQ==}

  locate-path@6.0.0:
    resolution: {integrity: sha512-iPZK6eYjbxRu3uB4/WZ3EsEIMJFMqAoopl3R+zuq0UjcAm/MO6KCweDgPfP3elTztoKP3KtnVHxTn2NHBSDVUw==}
    engines: {node: '>=10'}

  micromatch@4.0.8:
    resolution: {integrity: sha512-PXwfBhYu0hBCPw8Dn0E+WDYb7af3dSLVWKi3HGv84IdF4TyFoC0ysxFd0Goxw7nSv4T/PzEJQxsYsEiFCKo2BA==}
    engines: {node: '>=8.6'}

  nanoid@6.0.1:
    resolution: {integrity: sha512-3wVS3i51pE2pi1k5FFL/95BGfVS0kSsvDVuGXHOtxox/TywUmtgq+3qiTOTbs9J7KfHaXPiN171k/A6dBnaXFw==}
    engines: {node: ^22 || ^24 || >=26}
    hasBin: true

  object-keys@1.1.1:
    resolution: {integrity: sha512-NuAESUOUMrlIXOfHKzD6bpPu3tYt3xvjNdRIQ+FeT0lNb4K8WR70CaDxhuNguS2XG+GjkyMwOzsN5ZktImfhLA==}
    engines: {node: '>= 0.4'}

  p-limit@3.1.0:
    resolution: {integrity: sha512-TYOanM3wGwNGsZN2cVTYPArw454xnXj5qmWF1bEoAc4+cU/ol7GVh7odevjp1FNHduHc3KZMcFduxU5Xc6uJRQ==}
    engines: {node: '>=10'}

  p-locate@5.0.0:
    resolution: {integrity: sha512-LaNjtRWUBY++zB5nE/NwcaoMylSPk+S+ZHNB1TzdbMJMny6dynpAGt7X/tl/QYq3TIeE6nxHppbo2LGymrG5Pw==}
    engines: {node: '>=10'}

  path-exists@4.0.0:
    resolution: {integrity: sha512-ak9Qy5Q7jYb2Wwcey5Fpvg2KoAc/ZIhLSLOSBmRmygPsGwkVVt0fZa0qrtMz+m6tJTAHfZQ8FnmB4MG4LWy7/w==}
    engines: {node: '>=8'}

  path-is-network-drive@1.0.24:
    resolution: {integrity: sha512-sux7NWiMq/ul8EEQTQbdM1m/zr+Rrq11/P9tEBgxMgTnVHS8f54tQm0kfrTxkvPNg/OVkRjHNgSia5VxnawOZg==}

  path-is-same@1.0.29:
    resolution: {integrity: sha512-9YQfgkPIbiEC24XhFjILOp2BvqXMFfgu5up9MdHNUQFnPVG31BzTiPv4O8bv4DCnpPg8pHXVpPkfopnAcvHoFw==}

  path-parents@1.0.36:
    resolution: {integrity: sha512-i3vJxaSsfsd9D8FTjs5TepXEhNYcKp/FxBhCx5UeiEJzwLlPVPZ/Ie7qzcRNuvSfX5CJ+2W9QVbyJDgUIbAFHA==}

  path-strip-sep@1.0.21:
    resolution: {integrity: sha512-V5Lvyhx0fE6/wEk/YseTtoRQIaD32cepnzrQ1b3kOzOxxDoSglry8IZ1b6LPObIeIbpC0+i9ygUsBNhkOttQKw==}

  picocolors@1.1.1:
    resolution: {integrity: sha512-xceH2snhtb5M9liqDsmEw56le376mTZkEX/jEb/RxNFyegNul7eNslCXP9FDj/Lcu0X8KEyMceP2ntpaHrDEVA==}

  picomatch@2.3.2:
    resolution: {integrity: sha512-V7+vQEJ06Z+c5tSye8S+nHUfI51xoXIXjHQ99cQtKUkQqqO1kO/KCJUfZXuB47h/YBlDhah2H3hdUGXn8ie0oA==}
    engines: {node: '>=8.6'}

  picomatch@4.0.7:
    resolution: {integrity: sha512-qcJu88Q2IWqJsDD529JKMdwGm/dvInW4HvQnRwiH9JtihJvzGOscDtHE3x1pBKeUOTysQ8kVmLnJ2kJu7yhcGA==}
    engines: {node: '>=12'}

  pkg-dir@5.0.0:
    resolution: {integrity: sha512-NPE8TDbzl/3YQYY7CSS228s3g2ollTFnc+Qi3tqmqJp9Vg2ovUpixcJEo2HJScN2Ez+kEaal6y70c0ehqJBJeA==}
    engines: {node: '>=10'}

  pretty-format@30.5.1:
    resolution: {integrity: sha512-byhRAPguVKMQIj4kjJwJ5lAskVhfuiSdiYl/aLTWpgkGEmic2jYhJh1yE9ih8Ox44Xg9ccCT11/S6QrzSJuNrg==}
    engines: {node: ^18.14.0 || ^20.0.0 || ^22.0.0 || >=24.0.0}

  react-is@18.3.1:
    resolution: {integrity: sha512-/LLMVyas0ljjAtoYiPqYiL8VWXzUUdThrmU5+n20DZv+a+ClRoevUzw5JxU+Ieh5/c87ytoTBV9G1FiKfNJdmg==}

  react-is@19.3.0:
    resolution: {integrity: sha512-UpMYezM4v5/18F28aC66AEsjXIgE02kyEMH6yLdgLXu/UTfa1Ntwck/nNLrbqJsEXW7gPb0coNO9FQse9WTovA==}

  respjs@4.2.0:
    resolution: {integrity: sha512-/W219Wpyo0m6bVN9z/rqhe0ek6nJ7Tus9WhbWpA8aJI8FxtMrQw1u8RStxOswTyUrW/NXaKXuaNfKZFKYbwXkg==}
    engines: {node: '>= 6'}

  shuffle-array@1.0.1:
    resolution: {integrity: sha512-0TFRU8zVQaLatWKr0/czo19VyPNgb/a3sBc1GAjVfivfzEGaS54vueNgtAu/8/pW7EM/VF5fwq9zgpLdGyRmVw==}

  slash@3.0.0:
    resolution: {integrity: sha512-g9Q1haeby36OSStwb4ntCGGGaKsaVSjQ68fBxoQcutl5fS1vuY18H3wSt3jFyFtrkx+Kz0V1G85A4MyAdDMi2Q==}
    engines: {node: '>=8'}

  sort-object-keys2@3.0.8:
    resolution: {integrity: sha512-48gnNhe7RvUc6PNFI3IHfAxoqWzSCqmOat2VlTYnvf6QZU7hmiOa4FTnDt9wmq9NiWtLSla+0P2r0LHC8N213A==}

  stack-utils@2.0.6:
    resolution: {integrity: sha512-XlkWvfIm6RmsWtNJx+uqtKLS8eqFbxUg0ZzLXqY0caEy9l7hruX8IpiDnjsLavoBgqCCR71TqWO8MaXYheJ3RQ==}
    engines: {node: '>=10'}

  supports-color@7.2.0:
    resolution: {integrity: sha512-qpCAvRl9stuOHveKsn7HncJRvv501qIacKzQlO/+Lwxc9+0q2wLyv4Dfvt80/DPn2pqOBsJdDiogXGR9+OvwRw==}
    engines: {node: '>=8'}

  thunk-redis@2.2.4:
    resolution: {integrity: sha512-Mlo9MQHo+6m+zhDrk/ybjqXMa7dEWkYFUiVasDmmkUwCRSs6Wyt2kyzo8ITW3LTfWovBSPYYmn6KG76gjQ+TIA==}
    engines: {node: '>= 4.5.0'}

  thunks@4.9.6:
    resolution: {integrity: sha512-ulXG17ZokTO8j0rTx/23YHsBuz6KAK1xdBPLH4zB1FRDUkttCQeli3DxGhhYtrrsRwzacSG+ZIebjSgLseluMw==}

  timed-queue@1.4.0:
    resolution: {integrity: sha512-JDVJxurTIQB4thQeUbAqeydbVY17RhhZyVmRppjHMbrfejqOYwtdG71+3fsXdk6QKR86Gmw9lQ25tSRw2WuDGw==}
    engines: {node: '>= 6'}

  to-regex-range@5.0.1:
    resolution: {integrity: sha512-65P7iz6X5yEr1cwcgvQxbbIw7Uk3gOy5dIdtZ4rDveLqhrdJP+Li/Hx6tyK0NEb+2GCyneCMJiGqrADCSNk8sQ==}
    engines: {node: '>=8.0'}

  ts-toolbelt@9.6.0:
    resolution: {integrity: sha512-nsZd8ZeNUzukXPlJmTBwUAuABDe/9qtVDelJeT/qW0ow3ZS3BsQJtNkan1802aM9Uf68/Y8ljw86Hu0h5IUW3w==}

  ts-type@3.0.13:
    resolution: {integrity: sha512-8SVH7wqDH06PA44UyzwyR3S6NGlweQ/U87glgxpwgn5Kr/xHOm1iljfrlBWQrpyIDYdCbHUFmK3a5lTINTq7xg==}
    peerDependencies:
      ts-toolbelt: ^9.6.0

  tslib@2.8.1:
    resolution: {integrity: sha512-oJFu94HQb+KVduSUQL7wnpmqnfmLsOA/nAh6b6EH0wCEoK0/mPeXU6c3wKDV83MkOuHPRHtSXKKU99IBazS/2w==}

  typedarray-dts@1.0.0:
    resolution: {integrity: sha512-Ka0DBegjuV9IPYFT1h0Qqk5U4pccebNIJCGl8C5uU7xtOs+jpJvKGAY4fHGK25hTmXZOEUl9Cnsg5cS6K/b5DA==}

  undici-types@8.9.0:
    resolution: {integrity: sha512-KTDyRTYX8sWmKXAikPHHSyc63CRPETMctyjKFupcC6OBLXT3xsN0e9aF7m+mIXutFWpUXuedtowG7iLOzp0kQg==}

  universalify@2.0.1:
    resolution: {integrity: sha512-gptHNQghINnc/vTGIk0SOFGFNXw7JVrlRUtConJRlvaw6DuX0wO5Jeko9sWrMBhh+PsYAZ7oXAiOnf/UKogyiw==}
    engines: {node: '>= 10.0.0'}

  upath2@3.1.25:
    resolution: {integrity: sha512-fPfgMpV+E3tcLMOdeJzQihp8D06q6Ro97gSdyMMNBoQg/w7LcLqf0+TiFvYdJzcxu02OMDM3nnTdl8EIFHfnBw==}

  yocto-queue@0.1.0:
    resolution: {integrity: sha512-rVksvsnNCdJ/ohGc6xgPwyN8eheCxsiLM8mxuE/t/mOVqJewPuO1miLpTHQiRgTKCLexL4MeAFVagts7HmNZ2Q==}
    engines: {node: '>=10'}

snapshots:

  '@babel/code-frame@7.29.7':
    dependencies:
      '@babel/helper-validator-identifier': 7.29.7
      js-tokens: 4.0.0
      picocolors: 1.1.1

  '@babel/helper-validator-identifier@7.29.7': {}

  '@bluelovers/tsconfig@2.0.3':
    dependencies:
      tslib: 2.8.1

  '@jest/diff-sequences@30.5.0': {}

  '@jest/expect-utils@30.5.2':
    dependencies:
      '@jest/get-type': 30.5.0

  '@jest/get-type@30.5.0': {}

  '@jest/pattern@30.5.0':
    dependencies:
      '@types/node': 26.6.2
      jest-regex-util: 30.5.0

  '@jest/schemas@30.5.0':
    dependencies:
      '@sinclair/typebox': 0.34.52

  '@jest/types@30.5.1':
    dependencies:
      '@jest/pattern': 30.5.0
      '@jest/schemas': 30.5.0
      '@types/istanbul-lib-coverage': 2.0.6
      '@types/istanbul-reports': 3.0.4
      '@types/node': 26.6.2
      '@types/yargs': 17.0.35
      chalk: 4.1.2

  '@lazy-array/util-unique@1.0.7': {}

  '@lazy-node/types-path@1.0.3(ts-toolbelt@9.6.0)':
    dependencies:
      '@types/node': 26.6.2
      ts-type: 3.0.13(ts-toolbelt@9.6.0)
      tslib: 2.8.1
    transitivePeerDependencies:
      - ts-toolbelt

  '@sinclair/typebox@0.34.52': {}

  '@ts-type/package-dts@3.0.9(ts-toolbelt@9.6.0)':
    dependencies:
      '@types/semver': 7.8.0
      ts-type: 3.0.13(ts-toolbelt@9.6.0)
    transitivePeerDependencies:
      - ts-toolbelt

  '@types/globalthis@1.0.4': {}

  '@types/istanbul-lib-coverage@2.0.6': {}

  '@types/istanbul-lib-report@3.0.3':
    dependencies:
      '@types/istanbul-lib-coverage': 2.0.6

  '@types/istanbul-reports@3.0.4':
    dependencies:
      '@types/istanbul-lib-report': 3.0.3

  '@types/jest@30.0.0':
    dependencies:
      expect: 30.5.2
      pretty-format: 30.5.1

  '@types/node@26.6.2':
    dependencies:
      undici-types: 8.9.0

  '@types/semver@7.8.0': {}

  '@types/stack-utils@2.0.3': {}

  '@types/yargs-parser@21.0.3': {}

  '@types/yargs@17.0.35':
    dependencies:
      '@types/yargs-parser': 21.0.3

  '@yarn-tool/find-root@2.0.25(ts-toolbelt@9.6.0)':
    dependencies:
      '@ts-type/package-dts': 3.0.9(ts-toolbelt@9.6.0)
      err-code: 3.0.1
      find-yarn-workspace-root2: 1.2.55(ts-toolbelt@9.6.0)
      path-is-same: 1.0.29(ts-toolbelt@9.6.0)
      pkg-dir: 5.0.0
      tslib: 2.8.1
      upath2: 3.1.25(ts-toolbelt@9.6.0)
    transitivePeerDependencies:
      - ts-toolbelt

  '@yarn-tool/fnm-detect@1.0.8(ts-toolbelt@9.6.0)':
    dependencies:
      fs-extra: 11.4.0
      sort-object-keys2: 3.0.8
      ts-type: 3.0.13(ts-toolbelt@9.6.0)
      tslib: 2.8.1
      upath2: 3.1.25(ts-toolbelt@9.6.0)
    transitivePeerDependencies:
      - ts-toolbelt

  '@yarn-tool/get-global-dirs@1.0.6':
    dependencies:
      ini: 7.0.0
      tslib: 2.8.1

  '@yarn-tool/get-paths-by-type@2.0.19(ts-toolbelt@9.6.0)':
    dependencies:
      '@yarn-tool/fnm-detect': 1.0.8(ts-toolbelt@9.6.0)
      '@yarn-tool/get-global-dirs': 1.0.6
      tslib: 2.8.1
    transitivePeerDependencies:
      - ts-toolbelt

  '@yarn-tool/require-resolve@4.0.9(ts-toolbelt@9.6.0)':
    dependencies:
      '@ts-type/package-dts': 3.0.9(ts-toolbelt@9.6.0)
      '@yarn-tool/get-paths-by-type': 2.0.19(ts-toolbelt@9.6.0)
      pkg-dir: 5.0.0
      tslib: 2.8.1
      upath2: 3.1.25(ts-toolbelt@9.6.0)
    transitivePeerDependencies:
      - ts-toolbelt

  '@yarn-tool/ws-find-up-paths@1.0.22(ts-toolbelt@9.6.0)':
    dependencies:
      '@yarn-tool/find-root': 2.0.25(ts-toolbelt@9.6.0)
      find-up-paths: 1.0.20(ts-toolbelt@9.6.0)
      path-parents: 1.0.36(ts-toolbelt@9.6.0)
      tslib: 2.8.1
    transitivePeerDependencies:
      - ts-toolbelt

  ansi-styles@4.3.0:
    dependencies:
      color-convert: 2.0.1

  ansi-styles@5.2.0: {}

  braces@3.0.3:
    dependencies:
      fill-range: 7.1.1

  chalk@4.1.2:
    dependencies:
      ansi-styles: 4.3.0
      supports-color: 7.2.0

  ci-info@4.4.0: {}

  color-convert@2.0.1:
    dependencies:
      color-name: 1.1.4

  color-name@1.1.4: {}

  dayjs@1.11.23: {}

  define-data-property@1.1.4:
    dependencies:
      es-define-property: 1.0.1
      es-errors: 1.3.0
      gopd: 1.2.0

  define-properties@1.2.1:
    dependencies:
      define-data-property: 1.1.4
      has-property-descriptors: 1.0.2
      object-keys: 1.1.1

  err-code@3.0.1: {}

  es-define-property@1.0.1: {}

  es-errors@1.3.0: {}

  escape-string-regexp@2.0.0: {}

  expect@30.5.2:
    dependencies:
      '@jest/expect-utils': 30.5.2
      '@jest/get-type': 30.5.0
      jest-matcher-utils: 30.5.2
      jest-message-util: 30.5.1
      jest-mock: 30.5.2
      jest-util: 30.5.1

  fill-range@7.1.1:
    dependencies:
      to-regex-range: 5.0.1

  find-up-paths@1.0.20(ts-toolbelt@9.6.0):
    dependencies:
      fs-extra: 11.4.0
      fs-stat: 1.0.29
      path-parents: 1.0.36(ts-toolbelt@9.6.0)
      tslib: 2.8.1
    transitivePeerDependencies:
      - ts-toolbelt

  find-up@5.0.0:
    dependencies:
      locate-path: 6.0.0
      path-exists: 4.0.0

  find-yarn-workspace-root2@1.2.55(ts-toolbelt@9.6.0):
    dependencies:
      micromatch: 4.0.8
      pkg-dir: 5.0.0
      tslib: 2.8.1
      upath2: 3.1.25(ts-toolbelt@9.6.0)
    transitivePeerDependencies:
      - ts-toolbelt

  fs-extra@11.4.0:
    dependencies:
      graceful-fs: 4.2.11
      jsonfile: 6.2.1
      universalify: 2.0.1

  fs-stat@1.0.29:
    dependencies:
      tslib: 2.8.1

  globalthis@1.0.4:
    dependencies:
      define-properties: 1.2.1
      gopd: 1.2.0

  gopd@1.2.0: {}

  graceful-fs@4.2.11: {}

  has-flag@4.0.0: {}

  has-property-descriptors@1.0.2:
    dependencies:
      es-define-property: 1.0.1

  ini@7.0.0: {}

  is-number@7.0.0: {}

  jest-diff@30.5.2:
    dependencies:
      '@jest/diff-sequences': 30.5.0
      '@jest/get-type': 30.5.0
      chalk: 4.1.2
      pretty-format: 30.5.1

  jest-matcher-utils@30.5.2:
    dependencies:
      '@jest/get-type': 30.5.0
      chalk: 4.1.2
      jest-diff: 30.5.2
      pretty-format: 30.5.1

  jest-message-util@30.5.1:
    dependencies:
      '@babel/code-frame': 7.29.7
      '@jest/types': 30.5.1
      '@types/stack-utils': 2.0.3
      chalk: 4.1.2
      graceful-fs: 4.2.11
      jest-util: 30.5.1
      picomatch: 4.0.7
      pretty-format: 30.5.1
      slash: 3.0.0
      stack-utils: 2.0.6

  jest-mock@30.5.2:
    dependencies:
      '@jest/expect-utils': 30.5.2
      '@jest/types': 30.5.1
      '@types/node': 26.6.2
      jest-util: 30.5.1

  jest-regex-util@30.5.0: {}

  jest-util@30.5.1:
    dependencies:
      '@jest/types': 30.5.1
      '@types/node': 26.6.2
      chalk: 4.1.2
      ci-info: 4.4.0
      graceful-fs: 4.2.11
      picomatch: 4.0.7

  js-tokens@4.0.0: {}

  jsonfile@6.2.1:
    dependencies:
      universalify: 2.0.1
    optionalDependencies:
      graceful-fs: 4.2.11

  least-recently-record@1.0.2:
    dependencies:
      tslib: 2.8.1

  locate-path@6.0.0:
    dependencies:
      p-locate: 5.0.0

  micromatch@4.0.8:
    dependencies:
      braces: 3.0.3
      picomatch: 2.3.2

  nanoid@6.0.1: {}

  object-keys@1.1.1: {}

  p-limit@3.1.0:
    dependencies:
      yocto-queue: 0.1.0

  p-locate@5.0.0:
    dependencies:
      p-limit: 3.1.0

  path-exists@4.0.0: {}

  path-is-network-drive@1.0.24:
    dependencies:
      tslib: 2.8.1

  path-is-same@1.0.29(ts-toolbelt@9.6.0):
    dependencies:
      tslib: 2.8.1
      upath2: 3.1.25(ts-toolbelt@9.6.0)
    transitivePeerDependencies:
      - ts-toolbelt

  path-parents@1.0.36(ts-toolbelt@9.6.0):
    dependencies:
      path-is-same: 1.0.29(ts-toolbelt@9.6.0)
      tslib: 2.8.1
      upath2: 3.1.25(ts-toolbelt@9.6.0)
    transitivePeerDependencies:
      - ts-toolbelt

  path-strip-sep@1.0.21:
    dependencies:
      tslib: 2.8.1

  picocolors@1.1.1: {}

  picomatch@2.3.2: {}

  picomatch@4.0.7: {}

  pkg-dir@5.0.0:
    dependencies:
      find-up: 5.0.0

  pretty-format@30.5.1:
    dependencies:
      '@jest/react-is-18': react-is@18.3.1
      '@jest/react-is-19': react-is@19.3.0
      '@jest/schemas': 30.5.0
      ansi-styles: 5.2.0

  react-is@18.3.1: {}

  react-is@19.3.0: {}

  respjs@4.2.0: {}

  shuffle-array@1.0.1: {}

  slash@3.0.0: {}

  sort-object-keys2@3.0.8:
    dependencies:
      '@lazy-array/util-unique': 1.0.7

  stack-utils@2.0.6:
    dependencies:
      escape-string-regexp: 2.0.0

  supports-color@7.2.0:
    dependencies:
      has-flag: 4.0.0

  thunk-redis@2.2.4:
    dependencies:
      respjs: 4.2.0
      thunks: 4.9.6

  thunks@4.9.6: {}

  timed-queue@1.4.0:
    dependencies:
      thunk-redis: 2.2.4
      thunks: 4.9.6

  to-regex-range@5.0.1:
    dependencies:
      is-number: 7.0.0

  ts-toolbelt@9.6.0: {}

  ts-type@3.0.13(ts-toolbelt@9.6.0):
    dependencies:
      '@types/node': 26.6.2
      ts-toolbelt: 9.6.0
      tslib: 2.8.1
      typedarray-dts: 1.0.0

  tslib@2.8.1: {}

  typedarray-dts@1.0.0: {}

  undici-types@8.9.0: {}

  universalify@2.0.1: {}

  upath2@3.1.25(ts-toolbelt@9.6.0):
    dependencies:
      '@lazy-node/types-path': 1.0.3(ts-toolbelt@9.6.0)
      '@types/node': 26.6.2
      path-is-network-drive: 1.0.24
      path-strip-sep: 1.0.21
      tslib: 2.8.1
    transitivePeerDependencies:
      - ts-toolbelt

  yocto-queue@0.1.0: {}
